
Microsoft Visual Studio Solution File, Format Version 12.00
# Visual Studio Version 16
VisualStudioVersion = 16.0.32510.428
MinimumVisualStudioVersion = 10.0.40219.1
Project("{FAE04EC0-301F-11D3-BF4B-00C04F79EFBC}") = "JenkinsTrial", "JenkinsTrial\JenkinsTrial.csproj", "{EB94FA29-9B1C-49B2-9570-A84D428C783A}"
EndProject
Global
	GlobalSection(SolutionConfigurationPlatforms) = preSolution
		Debug|Any CPU = Debug|Any CPU
		Release|Any CPU = Release|Any CPU
	EndGlobalSection
	GlobalSection(ProjectConfigurationPlatforms) = postSolution
		{EB94FA29-9B1C-49B2-9570-A84D428C783A}.Debug|Any CPU.ActiveCfg = Debug|Any CPU
		{EB94FA29-9B1C-49B2-9570-A84D428C783A}.Debug|Any CPU.Build.0 = Debug|Any CPU
		{EB94FA29-9B1C-49B2-9570-A84D428C783A}.Release|Any CPU.ActiveCfg = Release|Any CPU
		{EB94FA29-9B1C-49B2-9570-A84D428C783A}.Release|Any CPU.Build.0 = Release|Any CPU
	EndGlobalSection
	GlobalSection(SolutionProperties) = preSolution
		HideSolutionNode = FALSE
	EndGlobalSection
	GlobalSection(ExtensibilityGlobals) = postSolution
		SolutionGuid = {D13D80CA-175A-4CEA-90CB-075467B90FD9}
	EndGlobalSection
EndGlobal
